
Microsoft Visual Studio Solution File, Format Version 12.00
# Visual Studio Express 2012 for Windows Desktop
Project("{FAE04EC0-301F-11D3-BF4B-00C04F79EFBC}") = "XMLFilter_v1", "XMLFilter_v1\XMLFilter_v1.csproj", "{46120592-9491-4249-9E95-E31C6935CF91}"
EndProject
Global
	GlobalSection(SolutionConfigurationPlatforms) = preSolution
		Debug|Any CPU = Debug|Any CPU
		Release|Any CPU = Release|Any CPU
	EndGlobalSection
	GlobalSection(ProjectConfigurationPlatforms) = postSolution
		{46120592-9491-4249-9E95-E31C6935CF91}.Debug|Any CPU.ActiveCfg = Debug|Any CPU
		{46120592-9491-4249-9E95-E31C6935CF91}.Debug|Any CPU.Build.0 = Debug|Any CPU
		{46120592-9491-4249-9E95-E31C6935CF91}.Release|Any CPU.ActiveCfg = Release|Any CPU
		{46120592-9491-4249-9E95-E31C6935CF91}.Release|Any CPU.Build.0 = Release|Any CPU
	EndGlobalSection
	GlobalSection(SolutionProperties) = preSolution
		HideSolutionNode = FALSE
	EndGlobalSection
EndGlobal
